
Microsoft Visual Studio Solution File, Format Version 12.00
# Visual Studio 15
VisualStudioVersion = 15.0.27703.2026
MinimumVisualStudioVersion = 10.0.40219.1
Project("{00D1A9C2-B5F0-4AF3-8072-F6C62B433612}") = "sqlserverdemo", "sqlserverdemo\sqlserverdemo.sqlproj", "{776F4C80-3A81-4943-9437-560EA02CAA0B}"
EndProject
Global
	GlobalSection(SolutionConfigurationPlatforms) = preSolution
		Debug|Any CPU = Debug|Any CPU
		Release|Any CPU = Release|Any CPU
	EndGlobalSection
	GlobalSection(ProjectConfigurationPlatforms) = postSolution
		{776F4C80-3A81-4943-9437-560EA02CAA0B}.Debug|Any CPU.ActiveCfg = Debug|Any CPU
		{776F4C80-3A81-4943-9437-560EA02CAA0B}.Debug|Any CPU.Build.0 = Debug|Any CPU
		{776F4C80-3A81-4943-9437-560EA02CAA0B}.Debug|Any CPU.Deploy.0 = Debug|Any CPU
		{776F4C80-3A81-4943-9437-560EA02CAA0B}.Release|Any CPU.ActiveCfg = Release|Any CPU
		{776F4C80-3A81-4943-9437-560EA02CAA0B}.Release|Any CPU.Build.0 = Release|Any CPU
		{776F4C80-3A81-4943-9437-560EA02CAA0B}.Release|Any CPU.Deploy.0 = Release|Any CPU
	EndGlobalSection
	GlobalSection(SolutionProperties) = preSolution
		HideSolutionNode = FALSE
	EndGlobalSection
	GlobalSection(ExtensibilityGlobals) = postSolution
		SolutionGuid = {8F4A587D-21A2-4445-B7E2-4D5C7F502C30}
	EndGlobalSection
EndGlobal
